
Microsoft Visual Studio Solution File, Format Version 12.00
# Visual Studio Version 16
VisualStudioVersion = 16.0.31205.134
MinimumVisualStudioVersion = 10.0.40219.1
Project("{FAE04EC0-301F-11D3-BF4B-00C04F79EFBC}") = "DemoConectDatabase", "DemoConectDatabase\DemoConectDatabase.csproj", "{A061E84C-E868-4DD4-8A3E-187EA89397FB}"
EndProject
Global
	GlobalSection(SolutionConfigurationPlatforms) = preSolution
		Debug|Any CPU = Debug|Any CPU
		Release|Any CPU = Release|Any CPU
	EndGlobalSection
	GlobalSection(ProjectConfigurationPlatforms) = postSolution
		{A061E84C-E868-4DD4-8A3E-187EA89397FB}.Debug|Any CPU.ActiveCfg = Debug|Any CPU
		{A061E84C-E868-4DD4-8A3E-187EA89397FB}.Debug|Any CPU.Build.0 = Debug|Any CPU
		{A061E84C-E868-4DD4-8A3E-187EA89397FB}.Release|Any CPU.ActiveCfg = Release|Any CPU
		{A061E84C-E868-4DD4-8A3E-187EA89397FB}.Release|Any CPU.Build.0 = Release|Any CPU
	EndGlobalSection
	GlobalSection(SolutionProperties) = preSolution
		HideSolutionNode = FALSE
	EndGlobalSection
	GlobalSection(ExtensibilityGlobals) = postSolution
		SolutionGuid = {4CB3DDF2-AAA2-4D45-85DB-30130546F5E3}
	EndGlobalSection
EndGlobal
